// !$*UTF8*$!
{
	archiveVersion = 1;
	classes = {
	};
	objectVersion = 77;
	objects = {

/* Begin PBXContainerItemProxy section */
		A4D994C92F09FBBA00BDADBF /* PBXContainerItemProxy */ = {
			isa = PBXContainerItemProxy;
			containerPortal = A4D994B02F09FBB900BDADBF /* Project object */;
			proxyType = 1;
			remoteGlobalIDString = A4D994B72F09FBB900BDADBF;
			remoteInfo = ImageExt;
		};
		A4D994D32F09FBBA00BDADBF /* PBXContainerItemProxy */ = {
			isa = PBXContainerItemProxy;
			containerPortal = A4D994B02F09FBB900BDADBF /* Project object */;
			proxyType = 1;
			remoteGlobalIDString = A4D994B72F09FBB900BDADBF;
			remoteInfo = ImageExt;
		};
/* End PBXContainerItemProxy section */

/* Begin PBXFileReference section */
		A4D994B82F09FBB900BDADBF /* ImageExt.app */ = {isa = PBXFileReference; explicitFileType = wrapper.application; includeInIndex = 0; path = ImageExt.app; sourceTree = BUILT_PRODUCTS_DIR; };
		A4D994C82F09FBBA00BDADBF /* ImageExtTests.xctest */ = {isa = PBXFileReference; explicitFileType = wrapper.cfbundle; includeInIndex = 0; path = ImageExtTests.xctest; sourceTree = BUILT_PRODUCTS_DIR; };
		A4D994D22F09FBBA00BDADBF /* ImageExtUITests.xctest */ = {isa = PBXFileReference; explicitFileType = wrapper.cfbundle; includeInIndex = 0; path = ImageExtUITests.xctest; sourceTree = BUILT_PRODUCTS_DIR; };
/* End PBXFileReference section */

/* Begin PBXFileSystemSynchronizedRootGroup section */
		A4D994BA2F09FBB900BDADBF /* ImageExt */ = {
			isa = PBXFileSystemSynchronizedRootGroup;
			path = ImageExt;
			sourceTree = "<group>";
		};
		A4D994CB2F09FBBA00BDADBF /* ImageExtTests */ = {
			isa = PBXFileSystemSynchronizedRootGroup;
			path = ImageExtTests;
			sourceTree = "<group>";
		};
		A4D994D52F09FBBA00BDADBF /* ImageExtUITests */ = {
			isa = PBXFileSystemSynchronizedRootGroup;
			path = ImageExtUITests;
			sourceTree = "<group>";
		};
/* End PBXFileSystemSynchronizedRootGroup section */

/* Begin PBXFrameworksBuildPhase section */
		A4D994B52F09FBB900BDADBF /* Frameworks */ = {
			isa = PBXFrameworksBuildPhase;
			buildActionMask = 2147483647;
			files = (
			);
			runOnlyForDeploymentPostprocessing = 0;
		};
		A4D994C52F09FBBA00BDADBF /* Frameworks */ = {
			isa = PBXFrameworksBuildPhase;
			buildActionMask = 2147483647;
			files = (
			);
			runOnlyForDeploymentPostprocessing = 0;
		};
		A4D994CF2F09FBBA00BDADBF /* Frameworks */ = {
			isa = PBXFrameworksBuildPhase;
			buildActionMask = 2147483647;
			files = (
			);
			runOnlyForDeploymentPostprocessing = 0;
		};
/* End PBXFrameworksBuildPhase section */

/* Begin PBXGroup section */
		A4D994AF2F09FBB900BDADBF = {
			isa = PBXGroup;
			children = (
				A4D994BA2F09FBB900BDADBF /* ImageExt */,
				A4D994CB2F09FBBA00BDADBF /* ImageExtTests */,
				A4D994D52F09FBBA00BDADBF /* ImageExtUITests */,
				A4D994B92F09FBB900BDADBF /* Products */,
			);
			sourceTree = "<group>";
		};
		A4D994B92F09FBB900BDADBF /* Products */ = {
			isa = PBXGroup;
			children = (
				A4D994B82F09FBB900BDADBF /* ImageExt.app */,
				A4D994C82F09FBBA00BDADBF /* ImageExtTests.xctest */,
				A4D994D22F09FBBA00BDADBF /* ImageExtUITests.xctest */,
			);
			name = Products;
			sourceTree = "<group>";
		};
/* End PBXGroup section */

/* Begin PBXNativeTarget section */
		A4D994B72F09FBB900BDADBF /* ImageExt */ = {
			isa = PBXNativeTarget;
			buildConfigurationList = A4D994DC2F09FBBA00BDADBF /* Build configuration list for PBXNativeTarget "ImageExt" */;
			buildPhases = (
				A4D994B42F09FBB900BDADBF /* Sources */,
				A4D994B52F09FBB900BDADBF /* Frameworks */,
				A4D994B62F09FBB900BDADBF /* Resources */,
			);
			buildRules = (
			);
			dependencies = (
			);
			fileSystemSynchronizedGroups = (
				A4D994BA2F09FBB900BDADBF /* ImageExt */,
			);
			name = ImageExt;
			packageProductDependencies = (
			);
			productName = ImageExt;
			productReference = A4D994B82F09FBB900BDADBF /* ImageExt.app */;
			productType = "com.apple.product-type.application";
		};
		A4D994C72F09FBBA00BDADBF /* ImageExtTests */ = {
			isa = PBXNativeTarget;
			buildConfigurationList = A4D994DF2F09FBBA00BDADBF /* Build configuration list for PBXNativeTarget "ImageExtTests" */;
			buildPhases = (
				A4D994C42F09FBBA00BDADBF /* Sources */,
				A4D994C52F09FBBA00BDADBF /* Frameworks */,
				A4D994C62F09FBBA00BDADBF /* Resources */,
			);
			buildRules = (
			);
			dependencies = (
				A4D994CA2F09FBBA00BDADBF /* PBXTargetDependency */,
			);
			fileSystemSynchronizedGroups = (
				A4D994CB2F09FBBA00BDADBF /* ImageExtTests */,
			);
			name = ImageExtTests;
			packageProductDependencies = (
			);
			productName = ImageExtTests;
			productReference = A4D994C82F09FBBA00BDADBF /* ImageExtTests.xctest */;
			productType = "com.apple.product-type.bundle.unit-test";
		};
		A4D994D12F09FBBA00BDADBF /* ImageExtUITests */ = {
			isa = PBXNativeTarget;
			buildConfigurationList = A4D994E22F09FBBA00BDADBF /* Build configuration list for PBXNativeTarget "ImageExtUITests" */;
			buildPhases = (
				A4D994CE2F09FBBA00BDADBF /* Sources */,
				A4D994CF2F09FBBA00BDADBF /* Frameworks */,
				A4D994D02F09FBBA00BDADBF /* Resources */,
			);
			buildRules = (
			);
			dependencies = (
				A4D994D42F09FBBA00BDADBF /* PBXTargetDependency */,
			);
			fileSystemSynchronizedGroups = (
				A4D994D52F09FBBA00BDADBF /* ImageExtUITests */,
			);
			name = ImageExtUITests;
			packageProductDependencies = (
			);
			productName = ImageExtUITests;
			productReference = A4D994D22F09FBBA00BDADBF /* ImageExtUITests.xctest */;
			productType = "com.apple.product-type.bundle.ui-testing";
		};
/* End PBXNativeTarget section */

/* Begin PBXProject section */
		A4D994B02F09FBB900BDADBF /* Project object */ = {
			isa = PBXProject;
			attributes = {
				BuildIndependentTargetsInParallel = 1;
				LastSwiftUpdateCheck = 1610;
				LastUpgradeCheck = 1610;
				TargetAttributes = {
					A4D994B72F09FBB900BDADBF = {
						CreatedOnToolsVersion = 16.1;
					};
					A4D994C72F09FBBA00BDADBF = {
						CreatedOnToolsVersion = 16.1;
						TestTargetID = A4D994B72F09FBB900BDADBF;
					};
					A4D994D12F09FBBA00BDADBF = {
						CreatedOnToolsVersion = 16.1;
						TestTargetID = A4D994B72F09FBB900BDADBF;
					};
				};
			};
			buildConfigurationList = A4D994B32F09FBB900BDADBF /* Build configuration list for PBXProject "ImageExt" */;
			developmentRegion = en;
			hasScannedForEncodings = 0;
			knownRegions = (
				en,
				Base,
			);
			mainGroup = A4D994AF2F09FBB900BDADBF;
			minimizedProjectReferenceProxies = 1;
			preferredProjectObjectVersion = 77;
			productRefGroup = A4D994B92F09FBB900BDADBF /* Products */;
			projectDirPath = "";
			projectRoot = "";
			targets = (
				A4D994B72F09FBB900BDADBF /* ImageExt */,
				A4D994C72F09FBBA00BDADBF /* ImageExtTests */,
				A4D994D12F09FBBA00BDADBF /* ImageExtUITests */,
			);
		};
/* End PBXProject section */

/* Begin PBXResourcesBuildPhase section */
		A4D994B62F09FBB900BDADBF /* Resources */ = {
			isa = PBXResourcesBuildPhase;
			buildActionMask = 2147483647;
			files = (
			);
			runOnlyForDeploymentPostprocessing = 0;
		};
		A4D994C62F09FBBA00BDADBF /* Resources */ = {
			isa = PBXResourcesBuildPhase;
			buildActionMask = 2147483647;
			files = (
			);
			runOnlyForDeploymentPostprocessing = 0;
		};
		A4D994D02F09FBBA00BDADBF /* Resources */ = {
			isa = PBXResourcesBuildPhase;
			buildActionMask = 2147483647;
			files = (
			);
			runOnlyForDeploymentPostprocessing = 0;
		};
/* End PBXResourcesBuildPhase section */

/* Begin PBXSourcesBuildPhase section */
		A4D994B42F09FBB900BDADBF /* Sources */ = {
			isa = PBXSourcesBuildPhase;
			buildActionMask = 2147483647;
			files = (
			);
			runOnlyForDeploymentPostprocessing = 0;
		};
		A4D994C42F09FBBA00BDADBF /* Sources */ = {
			isa = PBXSourcesBuildPhase;
			buildActionMask = 2147483647;
			files = (
			);
			runOnlyForDeploymentPostprocessing = 0;
		};
		A4D994CE2F09FBBA00BDADBF /* Sources */ = {
			isa = PBXSourcesBuildPhase;
			buildActionMask = 2147483647;
			files = (
			);
			runOnlyForDeploymentPostprocessing = 0;
		};
/* End PBXSourcesBuildPhase section */

/* Begin PBXTargetDependency section */
		A4D994CA2F09FBBA00BDADBF /* PBXTargetDependency */ = {
			isa = PBXTargetDependency;
			target = A4D994B72F09FBB900BDADBF /* ImageExt */;
			targetProxy = A4D994C92F09FBBA00BDADBF /* PBXContainerItemProxy */;
		};
		A4D994D42F09FBBA00BDADBF /* PBXTargetDependency */ = {
			isa = PBXTargetDependency;
			target = A4D994B72F09FBB900BDADBF /* ImageExt */;
			targetProxy = A4D994D32F09FBBA00BDADBF /* PBXContainerItemProxy */;
		};
/* End PBXTargetDependency section */

/* Begin XCBuildConfiguration section */
		A4D994DA2F09FBBA00BDADBF /* Debug */ = {
			isa = XCBuildConfiguration;
			buildSettings = {
				ALWAYS_SEARCH_USER_PATHS = NO;
				ASSETCATALOG_COMPILER_GENERATE_SWIFT_ASSET_SYMBOL_EXTENSIONS = YES;
				CLANG_ANALYZER_NONNULL = YES;
				CLANG_ANALYZER_NUMBER_OBJECT_CONVERSION = YES_AGGRESSIVE;
				CLANG_CXX_LANGUAGE_STANDARD = "gnu++20";
				CLANG_ENABLE_MODULES = YES;
				CLANG_ENABLE_OBJC_ARC = YES;
				CLANG_ENABLE_OBJC_WEAK = YES;
				CLANG_WARN_BLOCK_CAPTURE_AUTORELEASING = YES;
				CLANG_WARN_BOOL_CONVERSION = YES;
				CLANG_WARN_COMMA = YES;
				CLANG_WARN_CONSTANT_CONVERSION = YES;
				CLANG_WARN_DEPRECATED_OBJC_IMPLEMENTATIONS = YES;
				CLANG_WARN_DIRECT_OBJC_ISA_USAGE = YES_ERROR;
				CLANG_WARN_DOCUMENTATION_COMMENTS = YES;
				CLANG_WARN_EMPTY_BODY = YES;
				CLANG_WARN_ENUM_CONVERSION = YES;
				CLANG_WARN_INFINITE_RECURSION = YES;
				CLANG_WARN_INT_CONVERSION = YES;
				CLANG_WARN_NON_LITERAL_NULL_CONVERSION = YES;
				CLANG_WARN_OBJC_IMPLICIT_RETAIN_SELF = YES;
				CLANG_WARN_OBJC_LITERAL_CONVERSION = YES;
				CLANG_WARN_OBJC_ROOT_CLASS = YES_ERROR;
				CLANG_WARN_QUOTED_INCLUDE_IN_FRAMEWORK_HEADER = YES;
				CLANG_WARN_RANGE_LOOP_ANALYSIS = YES;
				CLANG_WARN_STRICT_PROTOTYPES = YES;
				CLANG_WARN_SUSPICIOUS_MOVE = YES;
				CLANG_WARN_UNGUARDED_AVAILABILITY = YES_AGGRESSIVE;
				CLANG_WARN_UNREACHABLE_CODE = YES;
				CLANG_WARN__DUPLICATE_METHOD_MATCH = YES;
				COPY_PHASE_STRIP = NO;
				DEBUG_INFORMATION_FORMAT = dwarf;
				ENABLE_STRICT_OBJC_MSGSEND = YES;
				ENABLE_TESTABILITY = YES;
				ENABLE_USER_SCRIPT_SANDBOXING = YES;
				GCC_C_LANGUAGE_STANDARD = gnu17;
				GCC_DYNAMIC_NO_PIC = NO;
				GCC_NO_COMMON_BLOCKS = YES;
				GCC_OPTIMIZATION_LEVEL = 0;
				GCC_PREPROCESSOR_DEFINITIONS = (
					"DEBUG=1",
					"$(inherited)",
				);
				GCC_WARN_64_TO_32_BIT_CONVERSION = YES;
				GCC_WARN_ABOUT_RETURN_TYPE = YES_ERROR;
				GCC_WARN_UNDECLARED_SELECTOR = YES;
				GCC_WARN_UNINITIALIZED_AUTOS = YES_AGGRESSIVE;
				GCC_WARN_UNUSED_FUNCTION = YES;
				GCC_WARN_UNUSED_VARIABLE = YES;
				IPHONEOS_DEPLOYMENT_TARGET = 18.1;
				LOCALIZATION_PREFERS_STRING_CATALOGS = YES;
				MTL_ENABLE_DEBUG_INFO = INCLUDE_SOURCE;
				MTL_FAST_MATH = YES;
				ONLY_ACTIVE_ARCH = YES;
				SDKROOT = iphoneos;
				SWIFT_ACTIVE_COMPILATION_CONDITIONS = "DEBUG $(inherited)";
				SWIFT_OPTIMIZATION_LEVEL = "-Onone";
			};
			name = Debug;
		};
		A4D994DB2F09FBBA00BDADBF /* Release */ = {
			isa = XCBuildConfiguration;
			buildSettings = {
				ALWAYS_SEARCH_USER_PATHS = NO;
				ASSETCATALOG_COMPILER_GENERATE_SWIFT_ASSET_SYMBOL_EXTENSIONS = YES;
				CLANG_ANALYZER_NONNULL = YES;
				CLANG_ANALYZER_NUMBER_OBJECT_CONVERSION = YES_AGGRESSIVE;
				CLANG_CXX_LANGUAGE_STANDARD = "gnu++20";
				CLANG_ENABLE_MODULES = YES;
				CLANG_ENABLE_OBJC_ARC = YES;
				CLANG_ENABLE_OBJC_WEAK = YES;
				CLANG_WARN_BLOCK_CAPTURE_AUTORELEASING = YES;
				CLANG_WARN_BOOL_CONVERSION = YES;
				CLANG_WARN_COMMA = YES;
				CLANG_WARN_CONSTANT_CONVERSION = YES;
				CLANG_WARN_DEPRECATED_OBJC_IMPLEMENTATIONS = YES;
				CLANG_WARN_DIRECT_OBJC_ISA_USAGE = YES_ERROR;
				CLANG_WARN_DOCUMENTATION_COMMENTS = YES;
				CLANG_WARN_EMPTY_BODY = YES;
				CLANG_WARN_ENUM_CONVERSION = YES;
				CLANG_WARN_INFINITE_RECURSION = YES;
				CLANG_WARN_INT_CONVERSION = YES;
				CLANG_WARN_NON_LITERAL_NULL_CONVERSION = YES;
				CLANG_WARN_OBJC_IMPLICIT_RETAIN_SELF = YES;
				CLANG_WARN_OBJC_LITERAL_CONVERSION = YES;
				CLANG_WARN_OBJC_ROOT_CLASS = YES_ERROR;
				CLANG_WARN_QUOTED_INCLUDE_IN_FRAMEWORK_HEADER = YES;
				CLANG_WARN_RANGE_LOOP_ANALYSIS = YES;
				CLANG_WARN_STRICT_PROTOTYPES = YES;
				CLANG_WARN_SUSPICIOUS_MOVE = YES;
				CLANG_WARN_UNGUARDED_AVAILABILITY = YES_AGGRESSIVE;
				CLANG_WARN_UNREACHABLE_CODE = YES;
				CLANG_WARN__DUPLICATE_METHOD_MATCH = YES;
				COPY_PHASE_STRIP = NO;
				DEBUG_INFORMATION_FORMAT = "dwarf-with-dsym";
				ENABLE_NS_ASSERTIONS = NO;
				ENABLE_STRICT_OBJC_MSGSEND = YES;
				ENABLE_USER_SCRIPT_SANDBOXING = YES;
				GCC_C_LANGUAGE_STANDARD = gnu17;
				GCC_NO_COMMON_BLOCKS = YES;
				GCC_WARN_64_TO_32_BIT_CONVERSION = YES;
				GCC_WARN_ABOUT_RETURN_TYPE = YES_ERROR;
				GCC_WARN_UNDECLARED_SELECTOR = YES;
				GCC_WARN_UNINITIALIZED_AUTOS = YES_AGGRESSIVE;
				GCC_WARN_UNUSED_FUNCTION = YES;
				GCC_WARN_UNUSED_VARIABLE = YES;
				IPHONEOS_DEPLOYMENT_TARGET = 18.1;
				LOCALIZATION_PREFERS_STRING_CATALOGS = YES;
				MTL_ENABLE_DEBUG_INFO = NO;
				MTL_FAST_MATH = YES;
				SDKROOT = iphoneos;
				SWIFT_COMPILATION_MODE = wholemodule;
				VALIDATE_PRODUCT = YES;
			};
			name = Release;
		};
		A4D994DD2F09FBBA00BDADBF /* Debug */ = {
			isa = XCBuildConfiguration;
			buildSettings = {
				ASSETCATALOG_COMPILER_APPICON_NAME = AppIcon;
				ASSETCATALOG_COMPILER_GLOBAL_ACCENT_COLOR_NAME = AccentColor;
				CODE_SIGN_STYLE = Automatic;
				CURRENT_PROJECT_VERSION = 1;
				DEVELOPMENT_ASSET_PATHS = "\"ImageExt/Preview Content\"";
				DEVELOPMENT_TEAM = UHKD6CZHH3;
				ENABLE_PREVIEWS = YES;
				GENERATE_INFOPLIST_FILE = YES;
				INFOPLIST_KEY_UIApplicationSceneManifest_Generation = YES;
				INFOPLIST_KEY_UIApplicationSupportsIndirectInputEvents = YES;
				INFOPLIST_KEY_UILaunchScreen_Generation = YES;
				INFOPLIST_KEY_UISupportedInterfaceOrientations_iPad = "UIInterfaceOrientationPortrait UIInterfaceOrientationPortraitUpsideDown UIInterfaceOrientationLandscapeLeft UIInterfaceOrientationLandscapeRight";
				INFOPLIST_KEY_UISupportedInterfaceOrientations_iPhone = "UIInterfaceOrientationPortrait UIInterfaceOrientationLandscapeLeft UIInterfaceOrientationLandscapeRight";
				LD_RUNPATH_SEARCH_PATHS = (
					"$(inherited)",
					"@executable_path/Frameworks",
				);
				MARKETING_VERSION = 1.0;
				PRODUCT_BUNDLE_IDENTIFIER = com.yakang.ImageExt;
				PRODUCT_NAME = "$(TARGET_NAME)";
				SWIFT_EMIT_LOC_STRINGS = YES;
				SWIFT_VERSION = 5.0;
				TARGETED_DEVICE_FAMILY = "1,2";
			};
			name = Debug;
		};
		A4D994DE2F09FBBA00BDADBF /* Release */ = {
			isa = XCBuildConfiguration;
			buildSettings = {
				ASSETCATALOG_COMPILER_APPICON_NAME = AppIcon;
				ASSETCATALOG_COMPILER_GLOBAL_ACCENT_COLOR_NAME = AccentColor;
				CODE_SIGN_STYLE = Automatic;
				CURRENT_PROJECT_VERSION = 1;
				DEVELOPMENT_ASSET_PATHS = "\"ImageExt/Preview Content\"";
				DEVELOPMENT_TEAM = UHKD6CZHH3;
				ENABLE_PREVIEWS = YES;
				GENERATE_INFOPLIST_FILE = YES;
				INFOPLIST_KEY_UIApplicationSceneManifest_Generation = YES;
				INFOPLIST_KEY_UIApplicationSupportsIndirectInputEvents = YES;
				INFOPLIST_KEY_UILaunchScreen_Generation = YES;
				INFOPLIST_KEY_UISupportedInterfaceOrientations_iPad = "UIInterfaceOrientationPortrait UIInterfaceOrientationPortraitUpsideDown UIInterfaceOrientationLandscapeLeft UIInterfaceOrientationLandscapeRight";
				INFOPLIST_KEY_UISupportedInterfaceOrientations_iPhone = "UIInterfaceOrientationPortrait UIInterfaceOrientationLandscapeLeft UIInterfaceOrientationLandscapeRight";
				LD_RUNPATH_SEARCH_PATHS = (
					"$(inherited)",
					"@executable_path/Frameworks",
				);
				MARKETING_VERSION = 1.0;
				PRODUCT_BUNDLE_IDENTIFIER = com.yakang.ImageExt;
				PRODUCT_NAME = "$(TARGET_NAME)";
				SWIFT_EMIT_LOC_STRINGS = YES;
				SWIFT_VERSION = 5.0;
				TARGETED_DEVICE_FAMILY = "1,2";
			};
			name = Release;
		};
		A4D994E02F09FBBA00BDADBF /* Debug */ = {
			isa = XCBuildConfiguration;
			buildSettings = {
				BUNDLE_LOADER = "$(TEST_HOST)";
				CODE_SIGN_STYLE = Automatic;
				CURRENT_PROJECT_VERSION = 1;
				DEVELOPMENT_TEAM = UHKD6CZHH3;
				GENERATE_INFOPLIST_FILE = YES;
				IPHONEOS_DEPLOYMENT_TARGET = 18.1;
				MARKETING_VERSION = 1.0;
				PRODUCT_BUNDLE_IDENTIFIER = com.yakang.ImageExtTests;
				PRODUCT_NAME = "$(TARGET_NAME)";
				SWIFT_EMIT_LOC_STRINGS = NO;
				SWIFT_VERSION = 5.0;
				TARGETED_DEVICE_FAMILY = "1,2";
				TEST_HOST = "$(BUILT_PRODUCTS_DIR)/ImageExt.app/$(BUNDLE_EXECUTABLE_FOLDER_PATH)/ImageExt";
			};
			name = Debug;
		};
		A4D994E12F09FBBA00BDADBF /* Release */ = {
			isa = XCBuildConfiguration;
			buildSettings = {
				BUNDLE_LOADER = "$(TEST_HOST)";
				CODE_SIGN_STYLE = Automatic;
				CURRENT_PROJECT_VERSION = 1;
				DEVELOPMENT_TEAM = UHKD6CZHH3;
				GENERATE_INFOPLIST_FILE = YES;
				IPHONEOS_DEPLOYMENT_TARGET = 18.1;
				MARKETING_VERSION = 1.0;
				PRODUCT_BUNDLE_IDENTIFIER = com.yakang.ImageExtTests;
				PRODUCT_NAME = "$(TARGET_NAME)";
				SWIFT_EMIT_LOC_STRINGS = NO;
				SWIFT_VERSION = 5.0;
				TARGETED_DEVICE_FAMILY = "1,2";
				TEST_HOST = "$(BUILT_PRODUCTS_DIR)/ImageExt.app/$(BUNDLE_EXECUTABLE_FOLDER_PATH)/ImageExt";
			};
			name = Release;
		};
		A4D994E32F09FBBA00BDADBF /* Debug */ = {
			isa = XCBuildConfiguration;
			buildSettings = {
				CODE_SIGN_STYLE = Automatic;
				CURRENT_PROJECT_VERSION = 1;
				DEVELOPMENT_TEAM = UHKD6CZHH3;
				GENERATE_INFOPLIST_FILE = YES;
				MARKETING_VERSION = 1.0;
				PRODUCT_BUNDLE_IDENTIFIER = com.yakang.ImageExtUITests;
				PRODUCT_NAME = "$(TARGET_NAME)";
				SWIFT_EMIT_LOC_STRINGS = NO;
				SWIFT_VERSION = 5.0;
				TARGETED_DEVICE_FAMILY = "1,2";
				TEST_TARGET_NAME = ImageExt;
			};
			name = Debug;
		};
		A4D994E42F09FBBA00BDADBF /* Release */ = {
			isa = XCBuildConfiguration;
			buildSettings = {
				CODE_SIGN_STYLE = Automatic;
				CURRENT_PROJECT_VERSION = 1;
				DEVELOPMENT_TEAM = UHKD6CZHH3;
				GENERATE_INFOPLIST_FILE = YES;
				MARKETING_VERSION = 1.0;
				PRODUCT_BUNDLE_IDENTIFIER = com.yakang.ImageExtUITests;
				PRODUCT_NAME = "$(TARGET_NAME)";
				SWIFT_EMIT_LOC_STRINGS = NO;
				SWIFT_VERSION = 5.0;
				TARGETED_DEVICE_FAMILY = "1,2";
				TEST_TARGET_NAME = ImageExt;
			};
			name = Release;
		};
/* End XCBuildConfiguration section */

/* Begin XCConfigurationList section */
		A4D994B32F09FBB900BDADBF /* Build configuration list for PBXProject "ImageExt" */ = {
			isa = XCConfigurationList;
			buildConfigurations = (
				A4D994DA2F09FBBA00BDADBF /* Debug */,
				A4D994DB2F09FBBA00BDADBF /* Release */,
			);
			defaultConfigurationIsVisible = 0;
			defaultConfigurationName = Release;
		};
		A4D994DC2F09FBBA00BDADBF /* Build configuration list for PBXNativeTarget "ImageExt" */ = {
			isa = XCConfigurationList;
			buildConfigurations = (
				A4D994DD2F09FBBA00BDADBF /* Debug */,
				A4D994DE2F09FBBA00BDADBF /* Release */,
			);
			defaultConfigurationIsVisible = 0;
			defaultConfigurationName = Release;
		};
		A4D994DF2F09FBBA00BDADBF /* Build configuration list for PBXNativeTarget "ImageExtTests" */ = {
			isa = XCConfigurationList;
			buildConfigurations = (
				A4D994E02F09FBBA00BDADBF /* Debug */,
				A4D994E12F09FBBA00BDADBF /* Release */,
			);
			defaultConfigurationIsVisible = 0;
			defaultConfigurationName = Release;
		};
		A4D994E22F09FBBA00BDADBF /* Build configuration list for PBXNativeTarget "ImageExtUITests" */ = {
			isa = XCConfigurationList;
			buildConfigurations = (
				A4D994E32F09FBBA00BDADBF /* Debug */,
				A4D994E42F09FBBA00BDADBF /* Release */,
			);
			defaultConfigurationIsVisible = 0;
			defaultConfigurationName = Release;
		};
/* End XCConfigurationList section */
	};
	rootObject = A4D994B02F09FBB900BDADBF /* Project object */;
}
